
Microsoft Visual Studio Solution File, Format Version 12.00
# Visual Studio Version 17
VisualStudioVersion = 17.3.32922.545
MinimumVisualStudioVersion = 10.0.40219.1
Project("{F184B08F-C81C-45F6-A57F-5ABD9991F28F}") = "Ejercicion2", "Ejercicion2\Ejercicion2.vbproj", "{F47093BF-B317-4BF3-9E67-F78756673B15}"
EndProject
Global
	GlobalSection(SolutionConfigurationPlatforms) = preSolution
		Debug|Any CPU = Debug|Any CPU
		Release|Any CPU = Release|Any CPU
	EndGlobalSection
	GlobalSection(ProjectConfigurationPlatforms) = postSolution
		{F47093BF-B317-4BF3-9E67-F78756673B15}.Debug|Any CPU.ActiveCfg = Debug|Any CPU
		{F47093BF-B317-4BF3-9E67-F78756673B15}.Debug|Any CPU.Build.0 = Debug|Any CPU
		{F47093BF-B317-4BF3-9E67-F78756673B15}.Release|Any CPU.ActiveCfg = Release|Any CPU
		{F47093BF-B317-4BF3-9E67-F78756673B15}.Release|Any CPU.Build.0 = Release|Any CPU
	EndGlobalSection
	GlobalSection(SolutionProperties) = preSolution
		HideSolutionNode = FALSE
	EndGlobalSection
	GlobalSection(ExtensibilityGlobals) = postSolution
		SolutionGuid = {D9E296A2-9671-49BB-A127-57505934070F}
	EndGlobalSection
EndGlobal
